
Microsoft Visual Studio Solution File, Format Version 12.00
# Visual Studio Version 17
VisualStudioVersion = 17.3.32929.385
MinimumVisualStudioVersion = 10.0.40219.1
Project("{FAE04EC0-301F-11D3-BF4B-00C04F79EFBC}") = "HackThisSite", "HackThisSite\HackThisSite.csproj", "{7FCE0AD2-C813-4C95-A4EC-F10AC97E1E88}"
EndProject
Global
	GlobalSection(SolutionConfigurationPlatforms) = preSolution
		Debug|Any CPU = Debug|Any CPU
		Release|Any CPU = Release|Any CPU
	EndGlobalSection
	GlobalSection(ProjectConfigurationPlatforms) = postSolution
		{7FCE0AD2-C813-4C95-A4EC-F10AC97E1E88}.Debug|Any CPU.ActiveCfg = Debug|Any CPU
		{7FCE0AD2-C813-4C95-A4EC-F10AC97E1E88}.Debug|Any CPU.Build.0 = Debug|Any CPU
		{7FCE0AD2-C813-4C95-A4EC-F10AC97E1E88}.Release|Any CPU.ActiveCfg = Release|Any CPU
		{7FCE0AD2-C813-4C95-A4EC-F10AC97E1E88}.Release|Any CPU.Build.0 = Release|Any CPU
	EndGlobalSection
	GlobalSection(SolutionProperties) = preSolution
		HideSolutionNode = FALSE
	EndGlobalSection
	GlobalSection(ExtensibilityGlobals) = postSolution
		SolutionGuid = {069D9FD2-ADE9-4BB6-B118-1705DBDA39C7}
	EndGlobalSection
EndGlobal
